
Microsoft Visual Studio Solution File, Format Version 12.00
# Visual Studio 15
VisualStudioVersion = 15.0.26430.16
MinimumVisualStudioVersion = 10.0.40219.1
Project("{FAE04EC0-301F-11D3-BF4B-00C04F79EFBC}") = "SatoriWeek1.Android", "SatoriWeek1\SatoriWeek1.Android\SatoriWeek1.Android.csproj", "{E2A9D439-722D-45C2-81EE-F9800BE3910A}"
EndProject
Project("{FAE04EC0-301F-11D3-BF4B-00C04F79EFBC}") = "SatoriWeek1", "SatoriWeek1\SatoriWeek1\SatoriWeek1.csproj", "{7B2A683A-994A-4003-80C0-4A3408C31DFB}"
EndProject
Project("{FAE04EC0-301F-11D3-BF4B-00C04F79EFBC}") = "SatoriWeek1.iOS", "SatoriWeek1\SatoriWeek1.iOS\SatoriWeek1.iOS.csproj", "{263CEADA-DBFE-4EEF-AD09-922F9CF0060C}"
EndProject
Global
	GlobalSection(SolutionConfigurationPlatforms) = preSolution
		Ad-Hoc|Any CPU = Ad-Hoc|Any CPU
		Ad-Hoc|iPhone = Ad-Hoc|iPhone
		Ad-Hoc|iPhoneSimulator = Ad-Hoc|iPhoneSimulator
		AppStore|Any CPU = AppStore|Any CPU
		AppStore|iPhone = AppStore|iPhone
		AppStore|iPhoneSimulator = AppStore|iPhoneSimulator
		Debug|Any CPU = Debug|Any CPU
		Debug|iPhone = Debug|iPhone
		Debug|iPhoneSimulator = Debug|iPhoneSimulator
		Release|Any CPU = Release|Any CPU
		Release|iPhone = Release|iPhone
		Release|iPhoneSimulator = Release|iPhoneSimulator
	EndGlobalSection
	GlobalSection(ProjectConfigurationPlatforms) = postSolution
		{E2A9D439-722D-45C2-81EE-F9800BE3910A}.Ad-Hoc|Any CPU.ActiveCfg = Release|Any CPU
		{E2A9D439-722D-45C2-81EE-F9800BE3910A}.Ad-Hoc|Any CPU.Build.0 = Release|Any CPU
		{E2A9D439-722D-45C2-81EE-F9800BE3910A}.Ad-Hoc|Any CPU.Deploy.0 = Release|Any CPU
		{E2A9D439-722D-45C2-81EE-F9800BE3910A}.Ad-Hoc|iPhone.ActiveCfg = Release|Any CPU
		{E2A9D439-722D-45C2-81EE-F9800BE3910A}.Ad-Hoc|iPhone.Build.0 = Release|Any CPU
		{E2A9D439-722D-45C2-81EE-F9800BE3910A}.Ad-Hoc|iPhone.Deploy.0 = Release|Any CPU
		{E2A9D439-722D-45C2-81EE-F9800BE3910A}.Ad-Hoc|iPhoneSimulator.ActiveCfg = Release|Any CPU
		{E2A9D439-722D-45C2-81EE-F9800BE3910A}.Ad-Hoc|iPhoneSimulator.Build.0 = Release|Any CPU
		{E2A9D439-722D-45C2-81EE-F9800BE3910A}.Ad-Hoc|iPhoneSimulator.Deploy.0 = Release|Any CPU
		{E2A9D439-722D-45C2-81EE-F9800BE3910A}.AppStore|Any CPU.ActiveCfg = Release|Any CPU
		{E2A9D439-722D-45C2-81EE-F9800BE3910A}.AppStore|Any CPU.Build.0 = Release|Any CPU
		{E2A9D439-722D-45C2-81EE-F9800BE3910A}.AppStore|Any CPU.Deploy.0 = Release|Any CPU
		{E2A9D439-722D-45C2-81EE-F9800BE3910A}.AppStore|iPhone.ActiveCfg = Release|Any CPU
		{E2A9D439-722D-45C2-81EE-F9800BE3910A}.AppStore|iPhone.Build.0 = Release|Any CPU
		{E2A9D439-722D-45C2-81EE-F9800BE3910A}.AppStore|iPhone.Deploy.0 = Release|Any CPU
		{E2A9D439-722D-45C2-81EE-F9800BE3910A}.AppStore|iPhoneSimulator.ActiveCfg = Release|Any CPU
		{E2A9D439-722D-45C2-81EE-F9800BE3910A}.AppStore|iPhoneSimulator.Build.0 = Release|Any CPU
		{E2A9D439-722D-45C2-81EE-F9800BE3910A}.AppStore|iPhoneSimulator.Deploy.0 = Release|Any CPU
		{E2A9D439-722D-45C2-81EE-F9800BE3910A}.Debug|Any CPU.ActiveCfg = Debug|Any CPU
		{E2A9D439-722D-45C2-81EE-F9800BE3910A}.Debug|Any CPU.Build.0 = Debug|Any CPU
		{E2A9D439-722D-45C2-81EE-F9800BE3910A}.Debug|Any CPU.Deploy.0 = Debug|Any CPU
		{E2A9D439-722D-45C2-81EE-F9800BE3910A}.Debug|iPhone.ActiveCfg = Debug|Any CPU
		{E2A9D439-722D-45C2-81EE-F9800BE3910A}.Debug|iPhone.Build.0 = Debug|Any CPU
		{E2A9D439-722D-45C2-81EE-F9800BE3910A}.Debug|iPhone.Deploy.0 = Debug|Any CPU
		{E2A9D439-722D-45C2-81EE-F9800BE3910A}.Debug|iPhoneSimulator.ActiveCfg = Debug|Any CPU
		{E2A9D439-722D-45C2-81EE-F9800BE3910A}.Debug|iPhoneSimulator.Build.0 = Debug|Any CPU
		{E2A9D439-722D-45C2-81EE-F9800BE3910A}.Debug|iPhoneSimulator.Deploy.0 = Debug|Any CPU
		{E2A9D439-722D-45C2-81EE-F9800BE3910A}.Release|Any CPU.ActiveCfg = Release|Any CPU
		{E2A9D439-722D-45C2-81EE-F9800BE3910A}.Release|Any CPU.Build.0 = Release|Any CPU
		{E2A9D439-722D-45C2-81EE-F9800BE3910A}.Release|Any CPU.Deploy.0 = Release|Any CPU
		{E2A9D439-722D-45C2-81EE-F9800BE3910A}.Release|iPhone.ActiveCfg = Release|Any CPU
		{E2A9D439-722D-45C2-81EE-F9800BE3910A}.Release|iPhone.Build.0 = Release|Any CPU
		{E2A9D439-722D-45C2-81EE-F9800BE3910A}.Release|iPhone.Deploy.0 = Release|Any CPU
		{E2A9D439-722D-45C2-81EE-F9800BE3910A}.Release|iPhoneSimulator.ActiveCfg = Release|Any CPU
		{E2A9D439-722D-45C2-81EE-F9800BE3910A}.Release|iPhoneSimulator.Build.0 = Release|Any CPU
		{E2A9D439-722D-45C2-81EE-F9800BE3910A}.Release|iPhoneSimulator.Deploy.0 = Release|Any CPU
		{7B2A683A-994A-4003-80C0-4A3408C31DFB}.Ad-Hoc|Any CPU.ActiveCfg = Release|Any CPU
		{7B2A683A-994A-4003-80C0-4A3408C31DFB}.Ad-Hoc|Any CPU.Build.0 = Release|Any CPU
		{7B2A683A-994A-4003-80C0-4A3408C31DFB}.Ad-Hoc|iPhone.ActiveCfg = Release|Any CPU
		{7B2A683A-994A-4003-80C0-4A3408C31DFB}.Ad-Hoc|iPhone.Build.0 = Release|Any CPU
		{7B2A683A-994A-4003-80C0-4A3408C31DFB}.Ad-Hoc|iPhoneSimulator.ActiveCfg = Release|Any CPU
		{7B2A683A-994A-4003-80C0-4A3408C31DFB}.Ad-Hoc|iPhoneSimulator.Build.0 = Release|Any CPU
		{7B2A683A-994A-4003-80C0-4A3408C31DFB}.AppStore|Any CPU.ActiveCfg = Release|Any CPU
		{7B2A683A-994A-4003-80C0-4A3408C31DFB}.AppStore|Any CPU.Build.0 = Release|Any CPU
		{7B2A683A-994A-4003-80C0-4A3408C31DFB}.AppStore|iPhone.ActiveCfg = Release|Any CPU
		{7B2A683A-994A-4003-80C0-4A3408C31DFB}.AppStore|iPhone.Build.0 = Release|Any CPU
		{7B2A683A-994A-4003-80C0-4A3408C31DFB}.AppStore|iPhoneSimulator.ActiveCfg = Release|Any CPU
		{7B2A683A-994A-4003-80C0-4A3408C31DFB}.AppStore|iPhoneSimulator.Build.0 = Release|Any CPU
		{7B2A683A-994A-4003-80C0-4A3408C31DFB}.Debug|Any CPU.ActiveCfg = Debug|Any CPU
		{7B2A683A-994A-4003-80C0-4A3408C31DFB}.Debug|Any CPU.Build.0 = Debug|Any CPU
		{7B2A683A-994A-4003-80C0-4A3408C31DFB}.Debug|iPhone.ActiveCfg = Debug|Any CPU
		{7B2A683A-994A-4003-80C0-4A3408C31DFB}.Debug|iPhone.Build.0 = Debug|Any CPU
		{7B2A683A-994A-4003-80C0-4A3408C31DFB}.Debug|iPhoneSimulator.ActiveCfg = Debug|Any CPU
		{7B2A683A-994A-4003-80C0-4A3408C31DFB}.Debug|iPhoneSimulator.Build.0 = Debug|Any CPU
		{7B2A683A-994A-4003-80C0-4A3408C31DFB}.Release|Any CPU.ActiveCfg = Release|Any CPU
		{7B2A683A-994A-4003-80C0-4A3408C31DFB}.Release|Any CPU.Build.0 = Release|Any CPU
		{7B2A683A-994A-4003-80C0-4A3408C31DFB}.Release|iPhone.ActiveCfg = Release|Any CPU
		{7B2A683A-994A-4003-80C0-4A3408C31DFB}.Release|iPhone.Build.0 = Release|Any CPU
		{7B2A683A-994A-4003-80C0-4A3408C31DFB}.Release|iPhoneSimulator.ActiveCfg = Release|Any CPU
		{7B2A683A-994A-4003-80C0-4A3408C31DFB}.Release|iPhoneSimulator.Build.0 = Release|Any CPU
		{263CEADA-DBFE-4EEF-AD09-922F9CF0060C}.Ad-Hoc|Any CPU.ActiveCfg = Ad-Hoc|iPhone
		{263CEADA-DBFE-4EEF-AD09-922F9CF0060C}.Ad-Hoc|iPhone.ActiveCfg = Ad-Hoc|iPhone
		{263CEADA-DBFE-4EEF-AD09-922F9CF0060C}.Ad-Hoc|iPhone.Build.0 = Ad-Hoc|iPhone
		{263CEADA-DBFE-4EEF-AD09-922F9CF0060C}.Ad-Hoc|iPhoneSimulator.ActiveCfg = Ad-Hoc|iPhoneSimulator
		{263CEADA-DBFE-4EEF-AD09-922F9CF0060C}.Ad-Hoc|iPhoneSimulator.Build.0 = Ad-Hoc|iPhoneSimulator
		{263CEADA-DBFE-4EEF-AD09-922F9CF0060C}.AppStore|Any CPU.ActiveCfg = AppStore|iPhone
		{263CEADA-DBFE-4EEF-AD09-922F9CF0060C}.AppStore|iPhone.ActiveCfg = AppStore|iPhone
		{263CEADA-DBFE-4EEF-AD09-922F9CF0060C}.AppStore|iPhone.Build.0 = AppStore|iPhone
		{263CEADA-DBFE-4EEF-AD09-922F9CF0060C}.AppStore|iPhoneSimulator.ActiveCfg = AppStore|iPhoneSimulator
		{263CEADA-DBFE-4EEF-AD09-922F9CF0060C}.AppStore|iPhoneSimulator.Build.0 = AppStore|iPhoneSimulator
		{263CEADA-DBFE-4EEF-AD09-922F9CF0060C}.Debug|Any CPU.ActiveCfg = Debug|iPhone
		{263CEADA-DBFE-4EEF-AD09-922F9CF0060C}.Debug|iPhone.ActiveCfg = Debug|iPhone
		{263CEADA-DBFE-4EEF-AD09-922F9CF0060C}.Debug|iPhone.Build.0 = Debug|iPhone
		{263CEADA-DBFE-4EEF-AD09-922F9CF0060C}.Debug|iPhoneSimulator.ActiveCfg = Debug|iPhoneSimulator
		{263CEADA-DBFE-4EEF-AD09-922F9CF0060C}.Debug|iPhoneSimulator.Build.0 = Debug|iPhoneSimulator
		{263CEADA-DBFE-4EEF-AD09-922F9CF0060C}.Release|Any CPU.ActiveCfg = Release|iPhone
		{263CEADA-DBFE-4EEF-AD09-922F9CF0060C}.Release|iPhone.ActiveCfg = Release|iPhone
		{263CEADA-DBFE-4EEF-AD09-922F9CF0060C}.Release|iPhone.Build.0 = Release|iPhone
		{263CEADA-DBFE-4EEF-AD09-922F9CF0060C}.Release|iPhoneSimulator.ActiveCfg = Release|iPhoneSimulator
		{263CEADA-DBFE-4EEF-AD09-922F9CF0060C}.Release|iPhoneSimulator.Build.0 = Release|iPhoneSimulator
	EndGlobalSection
	GlobalSection(SolutionProperties) = preSolution
		HideSolutionNode = FALSE
	EndGlobalSection
EndGlobal
